
Microsoft Visual Studio Solution File, Format Version 12.00
# Visual Studio Version 17
VisualStudioVersion = 17.0.31903.59
MinimumVisualStudioVersion = 10.0.40219.1
Project("{FAE04EC0-301F-11D3-BF4B-00C04F79EFBC}") = "ChessGame.Api", "ChessGame.Api\ChessGame.Api.csproj", "{3D49B0EA-F5D5-49B0-8219-2BF1DDB5666A}"
EndProject
Project("{FAE04EC0-301F-11D3-BF4B-00C04F79EFBC}") = "ChessGame.Grains", "ChessGame.Grains\ChessGame.Grains.csproj", "{5C8BCE7F-D477-47B2-AF6D-D4A7E8ADAF8B}"
EndProject
Project("{FAE04EC0-301F-11D3-BF4B-00C04F79EFBC}") = "ChessGame.SiloHost", "ChessGame.SiloHost\ChessGame.SiloHost.csproj", "{AF2CDDCB-C81E-4B76-9B99-484D279D1FF9}"
EndProject
Project("{FAE04EC0-301F-11D3-BF4B-00C04F79EFBC}") = "ChessGame.Shared", "ChessGame.Shared\ChessGame.Shared.csproj", "{836849BF-F0F2-4373-BAFE-8091116EBF50}"
EndProject
Project("{FAE04EC0-301F-11D3-BF4B-00C04F79EFBC}") = "ChessGame.Tests", "ChessGame.Tests\ChessGame.Tests.csproj", "{FB3D5899-9FB3-46BE-BA28-0F36358203CF}"
EndProject
Global
	GlobalSection(SolutionConfigurationPlatforms) = preSolution
		Debug|Any CPU = Debug|Any CPU
		Release|Any CPU = Release|Any CPU
	EndGlobalSection
	GlobalSection(SolutionProperties) = preSolution
		HideSolutionNode = FALSE
	EndGlobalSection
	GlobalSection(ProjectConfigurationPlatforms) = postSolution
		{3D49B0EA-F5D5-49B0-8219-2BF1DDB5666A}.Debug|Any CPU.ActiveCfg = Debug|Any CPU
		{3D49B0EA-F5D5-49B0-8219-2BF1DDB5666A}.Debug|Any CPU.Build.0 = Debug|Any CPU
		{3D49B0EA-F5D5-49B0-8219-2BF1DDB5666A}.Release|Any CPU.ActiveCfg = Release|Any CPU
		{3D49B0EA-F5D5-49B0-8219-2BF1DDB5666A}.Release|Any CPU.Build.0 = Release|Any CPU
		{5C8BCE7F-D477-47B2-AF6D-D4A7E8ADAF8B}.Debug|Any CPU.ActiveCfg = Debug|Any CPU
		{5C8BCE7F-D477-47B2-AF6D-D4A7E8ADAF8B}.Debug|Any CPU.Build.0 = Debug|Any CPU
		{5C8BCE7F-D477-47B2-AF6D-D4A7E8ADAF8B}.Release|Any CPU.ActiveCfg = Release|Any CPU
		{5C8BCE7F-D477-47B2-AF6D-D4A7E8ADAF8B}.Release|Any CPU.Build.0 = Release|Any CPU
		{AF2CDDCB-C81E-4B76-9B99-484D279D1FF9}.Debug|Any CPU.ActiveCfg = Debug|Any CPU
		{AF2CDDCB-C81E-4B76-9B99-484D279D1FF9}.Debug|Any CPU.Build.0 = Debug|Any CPU
		{AF2CDDCB-C81E-4B76-9B99-484D279D1FF9}.Release|Any CPU.ActiveCfg = Release|Any CPU
		{AF2CDDCB-C81E-4B76-9B99-484D279D1FF9}.Release|Any CPU.Build.0 = Release|Any CPU
		{836849BF-F0F2-4373-BAFE-8091116EBF50}.Debug|Any CPU.ActiveCfg = Debug|Any CPU
		{836849BF-F0F2-4373-BAFE-8091116EBF50}.Debug|Any CPU.Build.0 = Debug|Any CPU
		{836849BF-F0F2-4373-BAFE-8091116EBF50}.Release|Any CPU.ActiveCfg = Release|Any CPU
		{836849BF-F0F2-4373-BAFE-8091116EBF50}.Release|Any CPU.Build.0 = Release|Any CPU
		{FB3D5899-9FB3-46BE-BA28-0F36358203CF}.Debug|Any CPU.ActiveCfg = Debug|Any CPU
		{FB3D5899-9FB3-46BE-BA28-0F36358203CF}.Debug|Any CPU.Build.0 = Debug|Any CPU
		{FB3D5899-9FB3-46BE-BA28-0F36358203CF}.Release|Any CPU.ActiveCfg = Release|Any CPU
		{FB3D5899-9FB3-46BE-BA28-0F36358203CF}.Release|Any CPU.Build.0 = Release|Any CPU
	EndGlobalSection
EndGlobal
